{
  "requires": true,
  "lockfileVersion": 1,
  "dependencies": {
    "c3": {
      "version": "0.4.21",
      "resolved": "https://registry.npmjs.org/c3/-/c3-0.4.21.tgz",
      "integrity": "sha512-UZt0RWxVDJJrAGBojz2OJ9v88uDIP+WMVrydXCSvYM+bX2CyL+tTEA7gD5htzZeVMLcBYc7DZpDnskdH2fEOdw==",
      "requires": {
        "d3": "3.5.17"
      }
    },
    "d3": {
      "version": "3.5.17",
      "resolved": "https://registry.npmjs.org/d3/-/d3-3.5.17.tgz",
      "integrity": "sha1-vEZ0gAQ3iyGjYMn8fPUjF5B2L7g="
    }
  }
}
